<?xml version="1.0" encoding="utf-8"?>
<Project ToolsVersion="4.0" xmlns="http://schemas.microsoft.com/developer/msbuild/2003">
  <ItemGroup>
    <ClInclude Include="ExcelTypeLib.h" />
    <ClInclude Include="Connect.h" />
    <ClInclude Include="CallHelper.h" />
    <ClInclude Include="XllContextInvoke.h" />
    <ClInclude Include="WorkbookScopeFunctions.h" />
    <ClInclude Include="COMRange.h" />
    <ClInclude Include="ComVariant.h" />
    <ClInclude Include="ComEventSink.h" />
    <ClInclude Include="MessageQueue.h" />
  </ItemGroup>
  <ItemGroup>
    <ClCompile Include="Connect.cpp" />
    <ClCompile Include="XllContextInvoke.cpp" />
    <ClCompile Include="WorkbookScopeFunctions.cpp" />
    <ClCompile Include="COMRange.cpp" />
    <ClCompile Include="ComVariant.cpp" />
    <ClCompile Include="ComEventSink.cpp" />
    <ClCompile Include="RtdServer.cpp" />
    <ClCompile Include="MessageQueue.cpp" />
  </ItemGroup>
</Project>