<?xml version="1.0" encoding="utf-8"?>
<Project ToolsVersion="4.0" xmlns="http://schemas.microsoft.com/developer/msbuild/2003">
  <ItemGroup>
    <ClCompile Include="Main.cpp" />
    <ClCompile Include="..\..\external\sqlite\sqlite3.c" />
    <ClCompile Include="XlArrayTable.cpp" />
  </ItemGroup>
  <ItemGroup>
    <ClInclude Include="XlArrayTable.h" />
  </ItemGroup>
</Project>