
Microsoft Visual Studio Solution File, Format Version 12.00
# Visual Studio 15
VisualStudioVersion = 15.0.28307.960
MinimumVisualStudioVersion = 10.0.40219.1
Project("{8BC9CEB8-8B4A-11D0-8D11-00A0C91BC942}") = "xlOil_SQL", "xlOil_SQL.vcxproj", "{C1EDF1FF-7061-4A34-82A2-FF77ACB9C8F4}"
EndProject
Global
	GlobalSection(SolutionConfigurationPlatforms) = preSolution
		Debug|x64 = Debug|x64
		Debug|x86 = Debug|x86
		Release|x64 = Release|x64
		Release|x86 = Release|x86
	EndGlobalSection
	GlobalSection(ProjectConfigurationPlatforms) = postSolution
		{C1EDF1FF-7061-4A34-82A2-FF77ACB9C8F4}.Debug|x64.ActiveCfg = Debug|x64
		{C1EDF1FF-7061-4A34-82A2-FF77ACB9C8F4}.Debug|x64.Build.0 = Debug|x64
		{C1EDF1FF-7061-4A34-82A2-FF77ACB9C8F4}.Debug|x86.ActiveCfg = Debug|Win32
		{C1EDF1FF-7061-4A34-82A2-FF77ACB9C8F4}.Debug|x86.Build.0 = Debug|Win32
		{C1EDF1FF-7061-4A34-82A2-FF77ACB9C8F4}.Release|x64.ActiveCfg = Release|x64
		{C1EDF1FF-7061-4A34-82A2-FF77ACB9C8F4}.Release|x64.Build.0 = Release|x64
		{C1EDF1FF-7061-4A34-82A2-FF77ACB9C8F4}.Release|x86.ActiveCfg = Release|Win32
		{C1EDF1FF-7061-4A34-82A2-FF77ACB9C8F4}.Release|x86.Build.0 = Release|Win32
	EndGlobalSection
	GlobalSection(SolutionProperties) = preSolution
		HideSolutionNode = FALSE
	EndGlobalSection
	GlobalSection(ExtensibilityGlobals) = postSolution
		SolutionGuid = {3C67BEC6-EC66-4F25-85E7-BE45B1730BE4}
	EndGlobalSection
EndGlobal
