<?xml version="1.0" encoding="utf-8"?>
<Project ToolsVersion="4.0" xmlns="http://schemas.microsoft.com/developer/msbuild/2003">
  <ItemGroup>
    <ClCompile Include="Events.cpp" />
    <ClCompile Include="ExcelCall.cpp" />
    <ClCompile Include="Interface.cpp" />
    <ClCompile Include="Log.cpp" />
    <ClCompile Include="XlCall.cpp" />
    <ClCompile Include="ExcelObjCache.cpp" />
    <ClCompile Include="ExcelRange.cpp" />
    <ClCompile Include="StaticRegister.cpp" />
    <ClCompile Include="Loaders\AddinLoader.cpp">
      <Filter>Loaders</Filter>
    </ClCompile>
    <ClCompile Include="Loaders\PluginLoader.cpp">
      <Filter>Loaders</Filter>
    </ClCompile>
    <ClCompile Include="Register\FuncRegistry.cpp">
      <Filter>Register</Filter>
    </ClCompile>
    <ClCompile Include="Register\LocalFunctions.cpp">
      <Filter>Register</Filter>
    </ClCompile>
    <ClCompile Include="ExcelArray.cpp" />
    <ClCompile Include="ExcelObj.cpp" />
    <ClCompile Include="Date.cpp" />
    <ClCompile Include="ExcelRef.cpp" />
    <ClCompile Include="Loaders\EntryPoint.cpp">
      <Filter>Loaders</Filter>
    </ClCompile>
    <ClCompile Include="Caller.cpp" />
    <ClCompile Include="State.cpp" />
    <ClCompile Include="RtdServer.cpp" />
    <ClCompile Include="xloHelp.cpp" />
    <ClCompile Include="ThreadControl.cpp" />
    <ClCompile Include="Async.cpp" />
    <ClCompile Include="xloVersion.cpp" />
    <ClCompile Include="xloLog.cpp" />
  </ItemGroup>
  <ItemGroup>
    <ClInclude Include="Loaders\AddinLoader.h">
      <Filter>Loaders</Filter>
    </ClInclude>
    <ClInclude Include="Loaders\PluginLoader.h">
      <Filter>Loaders</Filter>
    </ClInclude>
    <ClInclude Include="Register\FuncRegistry.h">
      <Filter>Register</Filter>
    </ClInclude>
    <ClInclude Include="Register\LocalFunctions.h">
      <Filter>Register</Filter>
    </ClInclude>
    <ClInclude Include="Loaders\EntryPoint.h">
      <Filter>Loaders</Filter>
    </ClInclude>
    <ClInclude Include="..\..\include\xloil\ArrayBuilder.h">
      <Filter>Include</Filter>
    </ClInclude>
    <ClInclude Include="..\..\include\xloil\Date.h">
      <Filter>Include</Filter>
    </ClInclude>
    <ClInclude Include="..\..\include\xloil\Events.h">
      <Filter>Include</Filter>
    </ClInclude>
    <ClInclude Include="..\..\include\xloil\ExcelArray.h">
      <Filter>Include</Filter>
    </ClInclude>
    <ClInclude Include="..\..\include\xloil\ExcelCall.h">
      <Filter>Include</Filter>
    </ClInclude>
    <ClInclude Include="..\..\include\xloil\ExcelObj.h">
      <Filter>Include</Filter>
    </ClInclude>
    <ClInclude Include="..\..\include\xloil\ExcelObjCache.h">
      <Filter>Include</Filter>
    </ClInclude>
    <ClInclude Include="..\..\include\xloil\ExcelRange.h">
      <Filter>Include</Filter>
    </ClInclude>
    <ClInclude Include="..\..\include\xloil\ExcelRef.h">
      <Filter>Include</Filter>
    </ClInclude>
    <ClInclude Include="..\..\include\xloil\ExportMacro.h">
      <Filter>Include</Filter>
    </ClInclude>
    <ClInclude Include="..\..\include\xloil\FuncSpec.h">
      <Filter>Include</Filter>
    </ClInclude>
    <ClInclude Include="..\..\include\xloil\Interface.h">
      <Filter>Include</Filter>
    </ClInclude>
    <ClInclude Include="..\..\include\xloil\Log.h">
      <Filter>Include</Filter>
    </ClInclude>
    <ClInclude Include="..\..\include\xloil\NumericTypeConverters.h">
      <Filter>Include</Filter>
    </ClInclude>
    <ClInclude Include="..\..\include\xloil\ObjectCache.h">
      <Filter>Include</Filter>
    </ClInclude>
    <ClInclude Include="..\..\include\xloil\Preprocessor.h">
      <Filter>Include</Filter>
    </ClInclude>
    <ClInclude Include="..\..\include\xloil\PString.h">
      <Filter>Include</Filter>
    </ClInclude>
    <ClInclude Include="..\..\include\xloil\Register.h">
      <Filter>Include</Filter>
    </ClInclude>
    <ClInclude Include="..\..\include\xloil\StaticRegister.h">
      <Filter>Include</Filter>
    </ClInclude>
    <ClInclude Include="..\..\include\xloil\Throw.h">
      <Filter>Include</Filter>
    </ClInclude>
    <ClInclude Include="..\..\include\xloil\TypeConverters.h">
      <Filter>Include</Filter>
    </ClInclude>
    <ClInclude Include="..\..\include\xloil\XlCallSlim.h">
      <Filter>Include</Filter>
    </ClInclude>
    <ClInclude Include="..\..\include\xloil\xlOil.h">
      <Filter>Include</Filter>
    </ClInclude>
    <ClInclude Include="..\..\include\xloil\RtdServer.h">
      <Filter>Include</Filter>
    </ClInclude>
    <ClInclude Include="..\..\include\xloil\Caller.h">
      <Filter>Include</Filter>
    </ClInclude>
    <ClInclude Include="State.h">
      <Filter>Include</Filter>
    </ClInclude>
    <ClInclude Include="..\..\include\xloil\Async.h">
      <Filter>Include</Filter>
    </ClInclude>
    <ClInclude Include="..\..\include\xloil\Version.h">
      <Filter>Include</Filter>
    </ClInclude>
    <ClInclude Include="..\..\include\xloil\ApiMessage.h">
      <Filter>Include</Filter>
    </ClInclude>
    <ClInclude Include="..\..\include\xloil\StringUtils.h">
      <Filter>Include</Filter>
    </ClInclude>
    <ClInclude Include="..\..\include\xloil\WindowsSlim.h">
      <Filter>Include</Filter>
    </ClInclude>
  </ItemGroup>
  <ItemGroup>
    <Filter Include="Loaders">
      <UniqueIdentifier>{d269fbda-6fa4-4a7f-a1c5-bd84599de0da}</UniqueIdentifier>
    </Filter>
    <Filter Include="Register">
      <UniqueIdentifier>{ebcfa09e-f6e7-475e-8ac0-3049401bab0e}</UniqueIdentifier>
    </Filter>
    <Filter Include="Include">
      <UniqueIdentifier>{28b63a3a-8cbf-47cb-adb4-a08c46149d07}</UniqueIdentifier>
    </Filter>
  </ItemGroup>
</Project>