<?xml version="1.0" encoding="utf-8"?>
<Project ToolsVersion="4.0" xmlns="http://schemas.microsoft.com/developer/msbuild/2003">
  <ItemGroup>
    <ClCompile Include="StubLoader.cpp" />
  </ItemGroup>
  <ItemGroup>
    <CopyFileToFolders Include="package\xloil\excelfuncs.py" />
    <CopyFileToFolders Include="package\xloil\pandas.py" />
    <CopyFileToFolders Include="package\xloil\register.py" />
    <CopyFileToFolders Include="package\xloil\command_line.py" />
    <CopyFileToFolders Include="package\xloil\jupyter.py" />
    <CopyFileToFolders Include="package\xloil\__init__.py" />
    <CopyFileToFolders Include="package\xloil\shadow_core.py" />
    <CopyFileToFolders Include="package\xloil\debug.py" />
    <CopyFileToFolders Include="package\xloil\rtd.py" />
    <CopyFileToFolders Include="package\xloil\type_converters.py" />
    <CopyFileToFolders Include="package\xloil\matplotlib.py" />
    <CopyFileToFolders Include="package\xloil\pillow.py" />
    <CopyFileToFolders Include="package\xloil\importer.py" />
    <CopyFileToFolders Include="package\xloil\com.py" />
    <CopyFileToFolders Include="package\tkinter.py" />
    <CopyFileToFolders Include="package\xloil\qtgui.py" />
    <CopyFileToFolders Include="package\xloil\_common.py" />
  </ItemGroup>
  <ItemGroup>
    <None Include="package\setup.py" />
  </ItemGroup>
</Project>