<?xml version="1.0" encoding="utf-8"?>
<Project ToolsVersion="4.0" xmlns="http://schemas.microsoft.com/developer/msbuild/2003">
  <ItemGroup>
    <ClCompile Include="DynamicRegistration.cpp" />
    <ClCompile Include="LocalFunctions.cpp" />
    <ClCompile Include="PEHelper.cpp" />
    <ClCompile Include="Thunker.cpp" />
  </ItemGroup>
  <ItemGroup>
    <ClInclude Include="LocalFunctions.h" />
    <ClInclude Include="PEHelper.h" />
    <ClInclude Include="Thunker.h" />
    <ClInclude Include="SimpleAllocator.h" />
    <ClInclude Include="ExternalRegionAllocator.h" />
  </ItemGroup>
</Project>