
Microsoft Visual Studio Solution File, Format Version 12.00
# Visual Studio 15
VisualStudioVersion = 15.0.28307.960
MinimumVisualStudioVersion = 10.0.40219.1
Project("{8BC9CEB8-8B4A-11D0-8D11-00A0C91BC942}") = "xlOil_Utils", "xlOil_Utils.vcxproj", "{3A73598C-38CA-4ADB-B0BB-F634A1A97C56}"
EndProject
Global
	GlobalSection(SolutionConfigurationPlatforms) = preSolution
		Debug|x64 = Debug|x64
		Debug|x86 = Debug|x86
		Release|x64 = Release|x64
		Release|x86 = Release|x86
	EndGlobalSection
	GlobalSection(ProjectConfigurationPlatforms) = postSolution
		{3A73598C-38CA-4ADB-B0BB-F634A1A97C56}.Debug|x64.ActiveCfg = Debug|x64
		{3A73598C-38CA-4ADB-B0BB-F634A1A97C56}.Debug|x64.Build.0 = Debug|x64
		{3A73598C-38CA-4ADB-B0BB-F634A1A97C56}.Debug|x86.ActiveCfg = Debug|Win32
		{3A73598C-38CA-4ADB-B0BB-F634A1A97C56}.Debug|x86.Build.0 = Debug|Win32
		{3A73598C-38CA-4ADB-B0BB-F634A1A97C56}.Release|x64.ActiveCfg = Release|x64
		{3A73598C-38CA-4ADB-B0BB-F634A1A97C56}.Release|x64.Build.0 = Release|x64
		{3A73598C-38CA-4ADB-B0BB-F634A1A97C56}.Release|x86.ActiveCfg = Release|Win32
		{3A73598C-38CA-4ADB-B0BB-F634A1A97C56}.Release|x86.Build.0 = Release|Win32
	EndGlobalSection
	GlobalSection(SolutionProperties) = preSolution
		HideSolutionNode = FALSE
	EndGlobalSection
	GlobalSection(ExtensibilityGlobals) = postSolution
		SolutionGuid = {AD8D66AE-CDA2-4551-A77A-25906BC71DA2}
	EndGlobalSection
EndGlobal
